
Microsoft Visual Studio Solution File, Format Version 12.00
# Visual Studio Version 16
VisualStudioVersion = 16.0.29709.97
MinimumVisualStudioVersion = 10.0.40219.1
Project("{FAE04EC0-301F-11D3-BF4B-00C04F79EFBC}") = "CSLight13 9", "CSLight13 9\CSLight13 9.csproj", "{3D3F26E5-4A8C-459A-9B67-D9D1AFCFCB44}"
EndProject
Global
	GlobalSection(SolutionConfigurationPlatforms) = preSolution
		Debug|Any CPU = Debug|Any CPU
		Release|Any CPU = Release|Any CPU
	EndGlobalSection
	GlobalSection(ProjectConfigurationPlatforms) = postSolution
		{3D3F26E5-4A8C-459A-9B67-D9D1AFCFCB44}.Debug|Any CPU.ActiveCfg = Debug|Any CPU
		{3D3F26E5-4A8C-459A-9B67-D9D1AFCFCB44}.Debug|Any CPU.Build.0 = Debug|Any CPU
		{3D3F26E5-4A8C-459A-9B67-D9D1AFCFCB44}.Release|Any CPU.ActiveCfg = Release|Any CPU
		{3D3F26E5-4A8C-459A-9B67-D9D1AFCFCB44}.Release|Any CPU.Build.0 = Release|Any CPU
	EndGlobalSection
	GlobalSection(SolutionProperties) = preSolution
		HideSolutionNode = FALSE
	EndGlobalSection
	GlobalSection(ExtensibilityGlobals) = postSolution
		SolutionGuid = {4094DB58-AE55-4C5C-9614-EC7327ADD28F}
	EndGlobalSection
EndGlobal
